// !$*UTF8*$!
{
	archiveVersion = 1;
	classes = {
	};
	objectVersion = 50;
	objects = {

/* Begin PBXBuildFile section */
		E33E7C0B2451D86D00873E23 /* FlowerView.swift in Sources */ = {isa = PBXBuildFile; fileRef = E33E7C0A2451D86D00873E23 /* FlowerView.swift */; };
		E33E7C0D2451DA4D00873E23 /* BordersWithImage.swift in Sources */ = {isa = PBXBuildFile; fileRef = E33E7C0C2451DA4D00873E23 /* BordersWithImage.swift */; };
		E33E7C0F2451E00700873E23 /* ColorCyclingCircle.swift in Sources */ = {isa = PBXBuildFile; fileRef = E33E7C0E2451E00700873E23 /* ColorCyclingCircle.swift */; };
		E33E7C112452DDC100873E23 /* ColorBlendingView.swift in Sources */ = {isa = PBXBuildFile; fileRef = E33E7C102452DDC100873E23 /* ColorBlendingView.swift */; };
		E33E7C132452F52100873E23 /* AnimatableDataView.swift in Sources */ = {isa = PBXBuildFile; fileRef = E33E7C122452F52100873E23 /* AnimatableDataView.swift */; };
		E33E7C152452FB9200873E23 /* CheckerboardView.swift in Sources */ = {isa = PBXBuildFile; fileRef = E33E7C142452FB9200873E23 /* CheckerboardView.swift */; };
		E33E7C172452FC7900873E23 /* SpirographView.swift in Sources */ = {isa = PBXBuildFile; fileRef = E33E7C162452FC7900873E23 /* SpirographView.swift */; };
		E33E7C192454764800873E23 /* ArrowView.swift in Sources */ = {isa = PBXBuildFile; fileRef = E33E7C182454764800873E23 /* ArrowView.swift */; };
		E397EF3F24500B34008AFEB0 /* AppDelegate.swift in Sources */ = {isa = PBXBuildFile; fileRef = E397EF3E24500B34008AFEB0 /* AppDelegate.swift */; };
		E397EF4124500B34008AFEB0 /* SceneDelegate.swift in Sources */ = {isa = PBXBuildFile; fileRef = E397EF4024500B34008AFEB0 /* SceneDelegate.swift */; };
		E397EF4324500B34008AFEB0 /* ContentView.swift in Sources */ = {isa = PBXBuildFile; fileRef = E397EF4224500B34008AFEB0 /* ContentView.swift */; };
		E397EF4524500B37008AFEB0 /* Assets.xcassets in Resources */ = {isa = PBXBuildFile; fileRef = E397EF4424500B37008AFEB0 /* Assets.xcassets */; };
		E397EF4824500B37008AFEB0 /* Preview Assets.xcassets in Resources */ = {isa = PBXBuildFile; fileRef = E397EF4724500B37008AFEB0 /* Preview Assets.xcassets */; };
		E397EF4B24500B37008AFEB0 /* LaunchScreen.storyboard in Resources */ = {isa = PBXBuildFile; fileRef = E397EF4924500B37008AFEB0 /* LaunchScreen.storyboard */; };
/* End PBXBuildFile section */

/* Begin PBXFileReference section */
		E33E7C0A2451D86D00873E23 /* FlowerView.swift */ = {isa = PBXFileReference; lastKnownFileType = sourcecode.swift; path = FlowerView.swift; sourceTree = "<group>"; };
		E33E7C0C2451DA4D00873E23 /* BordersWithImage.swift */ = {isa = PBXFileReference; lastKnownFileType = sourcecode.swift; path = BordersWithImage.swift; sourceTree = "<group>"; };
		E33E7C0E2451E00700873E23 /* ColorCyclingCircle.swift */ = {isa = PBXFileReference; lastKnownFileType = sourcecode.swift; path = ColorCyclingCircle.swift; sourceTree = "<group>"; };
		E33E7C102452DDC100873E23 /* ColorBlendingView.swift */ = {isa = PBXFileReference; lastKnownFileType = sourcecode.swift; path = ColorBlendingView.swift; sourceTree = "<group>"; };
		E33E7C122452F52100873E23 /* AnimatableDataView.swift */ = {isa = PBXFileReference; lastKnownFileType = sourcecode.swift; path = AnimatableDataView.swift; sourceTree = "<group>"; };
		E33E7C142452FB9200873E23 /* CheckerboardView.swift */ = {isa = PBXFileReference; lastKnownFileType = sourcecode.swift; path = CheckerboardView.swift; sourceTree = "<group>"; };
		E33E7C162452FC7900873E23 /* SpirographView.swift */ = {isa = PBXFileReference; lastKnownFileType = sourcecode.swift; path = SpirographView.swift; sourceTree = "<group>"; };
		E33E7C182454764800873E23 /* ArrowView.swift */ = {isa = PBXFileReference; lastKnownFileType = sourcecode.swift; path = ArrowView.swift; sourceTree = "<group>"; };
		E397EF3B24500B34008AFEB0 /* Drawing.app */ = {isa = PBXFileReference; explicitFileType = wrapper.application; includeInIndex = 0; path = Drawing.app; sourceTree = BUILT_PRODUCTS_DIR; };
		E397EF3E24500B34008AFEB0 /* AppDelegate.swift */ = {isa = PBXFileReference; lastKnownFileType = sourcecode.swift; path = AppDelegate.swift; sourceTree = "<group>"; };
		E397EF4024500B34008AFEB0 /* SceneDelegate.swift */ = {isa = PBXFileReference; lastKnownFileType = sourcecode.swift; path = SceneDelegate.swift; sourceTree = "<group>"; };
		E397EF4224500B34008AFEB0 /* ContentView.swift */ = {isa = PBXFileReference; lastKnownFileType = sourcecode.swift; path = ContentView.swift; sourceTree = "<group>"; };
		E397EF4424500B37008AFEB0 /* Assets.xcassets */ = {isa = PBXFileReference; lastKnownFileType = folder.assetcatalog; path = Assets.xcassets; sourceTree = "<group>"; };
		E397EF4724500B37008AFEB0 /* Preview Assets.xcassets */ = {isa = PBXFileReference; lastKnownFileType = folder.assetcatalog; path = "Preview Assets.xcassets"; sourceTree = "<group>"; };
		E397EF4A24500B37008AFEB0 /* Base */ = {isa = PBXFileReference; lastKnownFileType = file.storyboard; name = Base; path = Base.lproj/LaunchScreen.storyboard; sourceTree = "<group>"; };
		E397EF4C24500B37008AFEB0 /* Info.plist */ = {isa = PBXFileReference; lastKnownFileType = text.plist.xml; path = Info.plist; sourceTree = "<group>"; };
/* End PBXFileReference section */

/* Begin PBXFrameworksBuildPhase section */
		E397EF3824500B34008AFEB0 /* Frameworks */ = {
			isa = PBXFrameworksBuildPhase;
			buildActionMask = 2147483647;
			files = (
			);
			runOnlyForDeploymentPostprocessing = 0;
		};
/* End PBXFrameworksBuildPhase section */

/* Begin PBXGroup section */
		E397EF3224500B34008AFEB0 = {
			isa = PBXGroup;
			children = (
				E397EF3D24500B34008AFEB0 /* Drawing */,
				E397EF3C24500B34008AFEB0 /* Products */,
			);
			sourceTree = "<group>";
		};
		E397EF3C24500B34008AFEB0 /* Products */ = {
			isa = PBXGroup;
			children = (
				E397EF3B24500B34008AFEB0 /* Drawing.app */,
			);
			name = Products;
			sourceTree = "<group>";
		};
		E397EF3D24500B34008AFEB0 /* Drawing */ = {
			isa = PBXGroup;
			children = (
				E397EF3E24500B34008AFEB0 /* AppDelegate.swift */,
				E397EF4024500B34008AFEB0 /* SceneDelegate.swift */,
				E397EF4224500B34008AFEB0 /* ContentView.swift */,
				E33E7C0A2451D86D00873E23 /* FlowerView.swift */,
				E33E7C0C2451DA4D00873E23 /* BordersWithImage.swift */,
				E33E7C102452DDC100873E23 /* ColorBlendingView.swift */,
				E33E7C122452F52100873E23 /* AnimatableDataView.swift */,
				E33E7C142452FB9200873E23 /* CheckerboardView.swift */,
				E33E7C162452FC7900873E23 /* SpirographView.swift */,
				E33E7C0E2451E00700873E23 /* ColorCyclingCircle.swift */,
				E33E7C182454764800873E23 /* ArrowView.swift */,
				E397EF4424500B37008AFEB0 /* Assets.xcassets */,
				E397EF4924500B37008AFEB0 /* LaunchScreen.storyboard */,
				E397EF4C24500B37008AFEB0 /* Info.plist */,
				E397EF4624500B37008AFEB0 /* Preview Content */,
			);
			path = Drawing;
			sourceTree = "<group>";
		};
		E397EF4624500B37008AFEB0 /* Preview Content */ = {
			isa = PBXGroup;
			children = (
				E397EF4724500B37008AFEB0 /* Preview Assets.xcassets */,
			);
			path = "Preview Content";
			sourceTree = "<group>";
		};
/* End PBXGroup section */

/* Begin PBXNativeTarget section */
		E397EF3A24500B34008AFEB0 /* Drawing */ = {
			isa = PBXNativeTarget;
			buildConfigurationList = E397EF4F24500B37008AFEB0 /* Build configuration list for PBXNativeTarget "Drawing" */;
			buildPhases = (
				E397EF3724500B34008AFEB0 /* Sources */,
				E397EF3824500B34008AFEB0 /* Frameworks */,
				E397EF3924500B34008AFEB0 /* Resources */,
			);
			buildRules = (
			);
			dependencies = (
			);
			name = Drawing;
			productName = Drawing;
			productReference = E397EF3B24500B34008AFEB0 /* Drawing.app */;
			productType = "com.apple.product-type.application";
		};
/* End PBXNativeTarget section */

/* Begin PBXProject section */
		E397EF3324500B34008AFEB0 /* Project object */ = {
			isa = PBXProject;
			attributes = {
				LastSwiftUpdateCheck = 1130;
				LastUpgradeCheck = 1130;
				ORGANIZATIONNAME = "Михаил Медведев";
				TargetAttributes = {
					E397EF3A24500B34008AFEB0 = {
						CreatedOnToolsVersion = 11.3.1;
					};
				};
			};
			buildConfigurationList = E397EF3624500B34008AFEB0 /* Build configuration list for PBXProject "Drawing" */;
			compatibilityVersion = "Xcode 9.3";
			developmentRegion = en;
			hasScannedForEncodings = 0;
			knownRegions = (
				en,
				Base,
			);
			mainGroup = E397EF3224500B34008AFEB0;
			productRefGroup = E397EF3C24500B34008AFEB0 /* Products */;
			projectDirPath = "";
			projectRoot = "";
			targets = (
				E397EF3A24500B34008AFEB0 /* Drawing */,
			);
		};
/* End PBXProject section */

/* Begin PBXResourcesBuildPhase section */
		E397EF3924500B34008AFEB0 /* Resources */ = {
			isa = PBXResourcesBuildPhase;
			buildActionMask = 2147483647;
			files = (
				E397EF4B24500B37008AFEB0 /* LaunchScreen.storyboard in Resources */,
				E397EF4824500B37008AFEB0 /* Preview Assets.xcassets in Resources */,
				E397EF4524500B37008AFEB0 /* Assets.xcassets in Resources */,
			);
			runOnlyForDeploymentPostprocessing = 0;
		};
/* End PBXResourcesBuildPhase section */

/* Begin PBXSourcesBuildPhase section */
		E397EF3724500B34008AFEB0 /* Sources */ = {
			isa = PBXSourcesBuildPhase;
			buildActionMask = 2147483647;
			files = (
				E397EF3F24500B34008AFEB0 /* AppDelegate.swift in Sources */,
				E33E7C172452FC7900873E23 /* SpirographView.swift in Sources */,
				E33E7C0F2451E00700873E23 /* ColorCyclingCircle.swift in Sources */,
				E33E7C152452FB9200873E23 /* CheckerboardView.swift in Sources */,
				E33E7C0B2451D86D00873E23 /* FlowerView.swift in Sources */,
				E33E7C0D2451DA4D00873E23 /* BordersWithImage.swift in Sources */,
				E33E7C192454764800873E23 /* ArrowView.swift in Sources */,
				E397EF4124500B34008AFEB0 /* SceneDelegate.swift in Sources */,
				E397EF4324500B34008AFEB0 /* ContentView.swift in Sources */,
				E33E7C132452F52100873E23 /* AnimatableDataView.swift in Sources */,
				E33E7C112452DDC100873E23 /* ColorBlendingView.swift in Sources */,
			);
			runOnlyForDeploymentPostprocessing = 0;
		};
/* End PBXSourcesBuildPhase section */

/* Begin PBXVariantGroup section */
		E397EF4924500B37008AFEB0 /* LaunchScreen.storyboard */ = {
			isa = PBXVariantGroup;
			children = (
				E397EF4A24500B37008AFEB0 /* Base */,
			);
			name = LaunchScreen.storyboard;
			sourceTree = "<group>";
		};
/* End PBXVariantGroup section */

/* Begin XCBuildConfiguration section */
		E397EF4D24500B37008AFEB0 /* Debug */ = {
			isa = XCBuildConfiguration;
			buildSettings = {
				ALWAYS_SEARCH_USER_PATHS = NO;
				CLANG_ANALYZER_NONNULL = YES;
				CLANG_ANALYZER_NUMBER_OBJECT_CONVERSION = YES_AGGRESSIVE;
				CLANG_CXX_LANGUAGE_STANDARD = "gnu++14";
				CLANG_CXX_LIBRARY = "libc++";
				CLANG_ENABLE_MODULES = YES;
				CLANG_ENABLE_OBJC_ARC = YES;
				CLANG_ENABLE_OBJC_WEAK = YES;
				CLANG_WARN_BLOCK_CAPTURE_AUTORELEASING = YES;
				CLANG_WARN_BOOL_CONVERSION = YES;
				CLANG_WARN_COMMA = YES;
				CLANG_WARN_CONSTANT_CONVERSION = YES;
				CLANG_WARN_DEPRECATED_OBJC_IMPLEMENTATIONS = YES;
				CLANG_WARN_DIRECT_OBJC_ISA_USAGE = YES_ERROR;
				CLANG_WARN_DOCUMENTATION_COMMENTS = YES;
				CLANG_WARN_EMPTY_BODY = YES;
				CLANG_WARN_ENUM_CONVERSION = YES;
				CLANG_WARN_INFINITE_RECURSION = YES;
				CLANG_WARN_INT_CONVERSION = YES;
				CLANG_WARN_NON_LITERAL_NULL_CONVERSION = YES;
				CLANG_WARN_OBJC_IMPLICIT_RETAIN_SELF = YES;
				CLANG_WARN_OBJC_LITERAL_CONVERSION = YES;
				CLANG_WARN_OBJC_ROOT_CLASS = YES_ERROR;
				CLANG_WARN_RANGE_LOOP_ANALYSIS = YES;
				CLANG_WARN_STRICT_PROTOTYPES = YES;
				CLANG_WARN_SUSPICIOUS_MOVE = YES;
				CLANG_WARN_UNGUARDED_AVAILABILITY = YES_AGGRESSIVE;
				CLANG_WARN_UNREACHABLE_CODE = YES;
				CLANG_WARN__DUPLICATE_METHOD_MATCH = YES;
				COPY_PHASE_STRIP = NO;
				DEBUG_INFORMATION_FORMAT = dwarf;
				ENABLE_STRICT_OBJC_MSGSEND = YES;
				ENABLE_TESTABILITY = YES;
				GCC_C_LANGUAGE_STANDARD = gnu11;
				GCC_DYNAMIC_NO_PIC = NO;
				GCC_NO_COMMON_BLOCKS = YES;
				GCC_OPTIMIZATION_LEVEL = 0;
				GCC_PREPROCESSOR_DEFINITIONS = (
					"DEBUG=1",
					"$(inherited)",
				);
				GCC_WARN_64_TO_32_BIT_CONVERSION = YES;
				GCC_WARN_ABOUT_RETURN_TYPE = YES_ERROR;
				GCC_WARN_UNDECLARED_SELECTOR = YES;
				GCC_WARN_UNINITIALIZED_AUTOS = YES_AGGRESSIVE;
				GCC_WARN_UNUSED_FUNCTION = YES;
				GCC_WARN_UNUSED_VARIABLE = YES;
				IPHONEOS_DEPLOYMENT_TARGET = 13.2;
				MTL_ENABLE_DEBUG_INFO = INCLUDE_SOURCE;
				MTL_FAST_MATH = YES;
				ONLY_ACTIVE_ARCH = YES;
				SDKROOT = iphoneos;
				SWIFT_ACTIVE_COMPILATION_CONDITIONS = DEBUG;
				SWIFT_OPTIMIZATION_LEVEL = "-Onone";
			};
			name = Debug;
		};
		E397EF4E24500B37008AFEB0 /* Release */ = {
			isa = XCBuildConfiguration;
			buildSettings = {
				ALWAYS_SEARCH_USER_PATHS = NO;
				CLANG_ANALYZER_NONNULL = YES;
				CLANG_ANALYZER_NUMBER_OBJECT_CONVERSION = YES_AGGRESSIVE;
				CLANG_CXX_LANGUAGE_STANDARD = "gnu++14";
				CLANG_CXX_LIBRARY = "libc++";
				CLANG_ENABLE_MODULES = YES;
				CLANG_ENABLE_OBJC_ARC = YES;
				CLANG_ENABLE_OBJC_WEAK = YES;
				CLANG_WARN_BLOCK_CAPTURE_AUTORELEASING = YES;
				CLANG_WARN_BOOL_CONVERSION = YES;
				CLANG_WARN_COMMA = YES;
				CLANG_WARN_CONSTANT_CONVERSION = YES;
				CLANG_WARN_DEPRECATED_OBJC_IMPLEMENTATIONS = YES;
				CLANG_WARN_DIRECT_OBJC_ISA_USAGE = YES_ERROR;
				CLANG_WARN_DOCUMENTATION_COMMENTS = YES;
				CLANG_WARN_EMPTY_BODY = YES;
				CLANG_WARN_ENUM_CONVERSION = YES;
				CLANG_WARN_INFINITE_RECURSION = YES;
				CLANG_WARN_INT_CONVERSION = YES;
				CLANG_WARN_NON_LITERAL_NULL_CONVERSION = YES;
				CLANG_WARN_OBJC_IMPLICIT_RETAIN_SELF = YES;
				CLANG_WARN_OBJC_LITERAL_CONVERSION = YES;
				CLANG_WARN_OBJC_ROOT_CLASS = YES_ERROR;
				CLANG_WARN_RANGE_LOOP_ANALYSIS = YES;
				CLANG_WARN_STRICT_PROTOTYPES = YES;
				CLANG_WARN_SUSPICIOUS_MOVE = YES;
				CLANG_WARN_UNGUARDED_AVAILABILITY = YES_AGGRESSIVE;
				CLANG_WARN_UNREACHABLE_CODE = YES;
				CLANG_WARN__DUPLICATE_METHOD_MATCH = YES;
				COPY_PHASE_STRIP = NO;
				DEBUG_INFORMATION_FORMAT = "dwarf-with-dsym";
				ENABLE_NS_ASSERTIONS = NO;
				ENABLE_STRICT_OBJC_MSGSEND = YES;
				GCC_C_LANGUAGE_STANDARD = gnu11;
				GCC_NO_COMMON_BLOCKS = YES;
				GCC_WARN_64_TO_32_BIT_CONVERSION = YES;
				GCC_WARN_ABOUT_RETURN_TYPE = YES_ERROR;
				GCC_WARN_UNDECLARED_SELECTOR = YES;
				GCC_WARN_UNINITIALIZED_AUTOS = YES_AGGRESSIVE;
				GCC_WARN_UNUSED_FUNCTION = YES;
				GCC_WARN_UNUSED_VARIABLE = YES;
				IPHONEOS_DEPLOYMENT_TARGET = 13.2;
				MTL_ENABLE_DEBUG_INFO = NO;
				MTL_FAST_MATH = YES;
				SDKROOT = iphoneos;
				SWIFT_COMPILATION_MODE = wholemodule;
				SWIFT_OPTIMIZATION_LEVEL = "-O";
				VALIDATE_PRODUCT = YES;
			};
			name = Release;
		};
		E397EF5024500B37008AFEB0 /* Debug */ = {
			isa = XCBuildConfiguration;
			buildSettings = {
				ASSETCATALOG_COMPILER_APPICON_NAME = AppIcon;
				CODE_SIGN_STYLE = Automatic;
				DEVELOPMENT_ASSET_PATHS = "\"Drawing/Preview Content\"";
				DEVELOPMENT_TEAM = M2GUXW2QMT;
				ENABLE_PREVIEWS = YES;
				INFOPLIST_FILE = Drawing/Info.plist;
				LD_RUNPATH_SEARCH_PATHS = (
					"$(inherited)",
					"@executable_path/Frameworks",
				);
				PRODUCT_BUNDLE_IDENTIFIER = smoke.mma.Drawing;
				PRODUCT_NAME = "$(TARGET_NAME)";
				SWIFT_VERSION = 5.0;
				TARGETED_DEVICE_FAMILY = "1,2";
			};
			name = Debug;
		};
		E397EF5124500B37008AFEB0 /* Release */ = {
			isa = XCBuildConfiguration;
			buildSettings = {
				ASSETCATALOG_COMPILER_APPICON_NAME = AppIcon;
				CODE_SIGN_STYLE = Automatic;
				DEVELOPMENT_ASSET_PATHS = "\"Drawing/Preview Content\"";
				DEVELOPMENT_TEAM = M2GUXW2QMT;
				ENABLE_PREVIEWS = YES;
				INFOPLIST_FILE = Drawing/Info.plist;
				LD_RUNPATH_SEARCH_PATHS = (
					"$(inherited)",
					"@executable_path/Frameworks",
				);
				PRODUCT_BUNDLE_IDENTIFIER = smoke.mma.Drawing;
				PRODUCT_NAME = "$(TARGET_NAME)";
				SWIFT_VERSION = 5.0;
				TARGETED_DEVICE_FAMILY = "1,2";
			};
			name = Release;
		};
/* End XCBuildConfiguration section */

/* Begin XCConfigurationList section */
		E397EF3624500B34008AFEB0 /* Build configuration list for PBXProject "Drawing" */ = {
			isa = XCConfigurationList;
			buildConfigurations = (
				E397EF4D24500B37008AFEB0 /* Debug */,
				E397EF4E24500B37008AFEB0 /* Release */,
			);
			defaultConfigurationIsVisible = 0;
			defaultConfigurationName = Release;
		};
		E397EF4F24500B37008AFEB0 /* Build configuration list for PBXNativeTarget "Drawing" */ = {
			isa = XCConfigurationList;
			buildConfigurations = (
				E397EF5024500B37008AFEB0 /* Debug */,
				E397EF5124500B37008AFEB0 /* Release */,
			);
			defaultConfigurationIsVisible = 0;
			defaultConfigurationName = Release;
		};
/* End XCConfigurationList section */
	};
	rootObject = E397EF3324500B34008AFEB0 /* Project object */;
}
